#MicroXplorer Configuration settings - do not modify
File.Version=5
KeepUserPlacement=false
Mcu.Family=STM32F0
Mcu.IP0=NVIC
Mcu.IP1=RCC
Mcu.IPNb=2
Mcu.Name=STM32F030K6Tx
Mcu.Package=LQFP32
Mcu.Pin0=PA3
Mcu.Pin1=PA4
Mcu.Pin2=PA9
Mcu.Pin3=PA10
Mcu.Pin4=PB5
Mcu.Pin5=PB6
Mcu.Pin6=PB7
Mcu.PinsNb=7
Mcu.UserConstants=
Mcu.UserName=STM32F030K6Tx
MxCube.Version=4.9.0
MxDb.Version=DB.4.0.90
NVIC.SysTick_IRQn=true\:0\:0\:false
PA10.Locked=true
PA10.Signal=USART1_RX
PA3.GPIOParameters=GPIO_PuPd,GPIO_ModeDefaultEXTI
PA3.GPIO_ModeDefaultEXTI=GPIO_MODE_IT_RISING_FALLING
PA3.GPIO_PuPd=GPIO_NOPULL
PA3.Locked=true
PA3.Signal=GPXTI3
PA4.Locked=true
PA4.Signal=GPIO_Input
PA9.Locked=true
PA9.Signal=USART1_TX
PB5.Locked=true
PB5.Signal=GPIO_Output
PB6.Locked=true
PB6.Signal=GPIO_Output
PB7.Locked=true
PB7.Signal=GPIO_Output
PCC.Checker=false
PCC.Line=STM32F0x0 Value Line
PCC.MCU=STM32F030K6Tx
PCC.MXVersion=4.9.0
PCC.PartNumber=STM32F030K6Tx
PCC.Seq0=0
PCC.Series=STM32F0
PCC.Temperature=25
PCC.Vdd=3.6
RCC.FamilyName=M
RCC.IPParameters=FamilyName,PLLCLKFreq_Value,PLLMCOFreq_Value,TimSysFreq_Value
RCC.PLLCLKFreq_Value=8000000
RCC.PLLMCOFreq_Value=8000000
RCC.TimSysFreq_Value=8000000
SH.GPXTI3.0=GPIO_EXTI3
SH.GPXTI3.ConfNb=1
board=custom
